
Microsoft Visual Studio Solution File, Format Version 12.00
# Visual Studio Version 17
VisualStudioVersion = 17.13.35825.156 d17.13
MinimumVisualStudioVersion = 10.0.40219.1
Project("{FAE04EC0-301F-11D3-BF4B-00C04F79EFBC}") = "FolderHabits", "FolderHabits.csproj", "{FAA0F73A-384B-4A7E-BC28-7D34F7242565}"
EndProject
Global
	GlobalSection(SolutionConfigurationPlatforms) = preSolution
		Debug|Any CPU = Debug|Any CPU
		Release|Any CPU = Release|Any CPU
	EndGlobalSection
	GlobalSection(ProjectConfigurationPlatforms) = postSolution
		{FAA0F73A-384B-4A7E-BC28-7D34F7242565}.Debug|Any CPU.ActiveCfg = Debug|Any CPU
		{FAA0F73A-384B-4A7E-BC28-7D34F7242565}.Debug|Any CPU.Build.0 = Debug|Any CPU
		{FAA0F73A-384B-4A7E-BC28-7D34F7242565}.Release|Any CPU.ActiveCfg = Release|Any CPU
		{FAA0F73A-384B-4A7E-BC28-7D34F7242565}.Release|Any CPU.Build.0 = Release|Any CPU
	EndGlobalSection
	GlobalSection(SolutionProperties) = preSolution
		HideSolutionNode = FALSE
	EndGlobalSection
	GlobalSection(ExtensibilityGlobals) = postSolution
		SolutionGuid = {0438E670-C731-4A10-AFE3-E764CD33B0FE}
	EndGlobalSection
EndGlobal
